
Microsoft Visual Studio Solution File, Format Version 10.00
# Visual Studio 2008
Project("{8BC9CEB8-8B4A-11D0-8D11-00A0C91BC942}") = "libcurl", "lib\libcurl.vcproj", "{BC4580B9-6080-498E-9032-58E7BF7C1B33}"
EndProject
Project("{8BC9CEB8-8B4A-11D0-8D11-00A0C91BC942}") = "curlsrc", "src\curlsrc.vcproj", "{442E1836-6EBA-4268-8BDA-0435E413D14F}"
	ProjectSection(ProjectDependencies) = postProject
		{BC4580B9-6080-498E-9032-58E7BF7C1B33} = {BC4580B9-6080-498E-9032-58E7BF7C1B33}
	EndProjectSection
EndProject
Global
	GlobalSection(SolutionConfigurationPlatforms) = preSolution
		DLL Debug|Win32 = DLL Debug|Win32
		DLL Release|Win32 = DLL Release|Win32
		LIB Debug|Win32 = LIB Debug|Win32
		LIB Release|Win32 = LIB Release|Win32
		using libcurl DLL Debug|Win32 = using libcurl DLL Debug|Win32
		using libcurl DLL Release|Win32 = using libcurl DLL Release|Win32
		using libcurl LIB Debug|Win32 = using libcurl LIB Debug|Win32
		using libcurl LIB Release|Win32 = using libcurl LIB Release|Win32
	EndGlobalSection
	GlobalSection(ProjectConfigurationPlatforms) = postSolution
		{BC4580B9-6080-498E-9032-58E7BF7C1B33}.DLL Debug|Win32.ActiveCfg = DLL Debug|Win32
		{BC4580B9-6080-498E-9032-58E7BF7C1B33}.DLL Debug|Win32.Build.0 = DLL Debug|Win32
		{BC4580B9-6080-498E-9032-58E7BF7C1B33}.DLL Release|Win32.ActiveCfg = DLL Release|Win32
		{BC4580B9-6080-498E-9032-58E7BF7C1B33}.DLL Release|Win32.Build.0 = DLL Release|Win32
		{BC4580B9-6080-498E-9032-58E7BF7C1B33}.LIB Debug|Win32.ActiveCfg = LIB Debug|Win32
		{BC4580B9-6080-498E-9032-58E7BF7C1B33}.LIB Debug|Win32.Build.0 = LIB Debug|Win32
		{BC4580B9-6080-498E-9032-58E7BF7C1B33}.LIB Release|Win32.ActiveCfg = LIB Release|Win32
		{BC4580B9-6080-498E-9032-58E7BF7C1B33}.LIB Release|Win32.Build.0 = LIB Release|Win32
		{BC4580B9-6080-498E-9032-58E7BF7C1B33}.using libcurl DLL Debug|Win32.ActiveCfg = DLL Debug|Win32
		{BC4580B9-6080-498E-9032-58E7BF7C1B33}.using libcurl DLL Debug|Win32.Build.0 = DLL Debug|Win32
		{BC4580B9-6080-498E-9032-58E7BF7C1B33}.using libcurl DLL Release|Win32.ActiveCfg = DLL Release|Win32
		{BC4580B9-6080-498E-9032-58E7BF7C1B33}.using libcurl DLL Release|Win32.Build.0 = DLL Release|Win32
		{BC4580B9-6080-498E-9032-58E7BF7C1B33}.using libcurl LIB Debug|Win32.ActiveCfg = LIB Debug|Win32
		{BC4580B9-6080-498E-9032-58E7BF7C1B33}.using libcurl LIB Debug|Win32.Build.0 = LIB Debug|Win32
		{BC4580B9-6080-498E-9032-58E7BF7C1B33}.using libcurl LIB Release|Win32.ActiveCfg = LIB Release|Win32
		{BC4580B9-6080-498E-9032-58E7BF7C1B33}.using libcurl LIB Release|Win32.Build.0 = LIB Release|Win32
		{442E1836-6EBA-4268-8BDA-0435E413D14F}.DLL Debug|Win32.ActiveCfg = using libcurl DLL Debug|Win32
		{442E1836-6EBA-4268-8BDA-0435E413D14F}.DLL Debug|Win32.Build.0 = using libcurl DLL Debug|Win32
		{442E1836-6EBA-4268-8BDA-0435E413D14F}.DLL Release|Win32.ActiveCfg = using libcurl DLL Release|Win32
		{442E1836-6EBA-4268-8BDA-0435E413D14F}.DLL Release|Win32.Build.0 = using libcurl DLL Release|Win32
		{442E1836-6EBA-4268-8BDA-0435E413D14F}.LIB Debug|Win32.ActiveCfg = using libcurl LIB Debug|Win32
		{442E1836-6EBA-4268-8BDA-0435E413D14F}.LIB Debug|Win32.Build.0 = using libcurl LIB Debug|Win32
		{442E1836-6EBA-4268-8BDA-0435E413D14F}.LIB Release|Win32.ActiveCfg = using libcurl LIB Release|Win32
		{442E1836-6EBA-4268-8BDA-0435E413D14F}.LIB Release|Win32.Build.0 = using libcurl LIB Release|Win32
		{442E1836-6EBA-4268-8BDA-0435E413D14F}.using libcurl DLL Debug|Win32.ActiveCfg = using libcurl DLL Debug|Win32
		{442E1836-6EBA-4268-8BDA-0435E413D14F}.using libcurl DLL Debug|Win32.Build.0 = using libcurl DLL Debug|Win32
		{442E1836-6EBA-4268-8BDA-0435E413D14F}.using libcurl DLL Release|Win32.ActiveCfg = using libcurl DLL Release|Win32
		{442E1836-6EBA-4268-8BDA-0435E413D14F}.using libcurl DLL Release|Win32.Build.0 = using libcurl DLL Release|Win32
		{442E1836-6EBA-4268-8BDA-0435E413D14F}.using libcurl LIB Debug|Win32.ActiveCfg = using libcurl LIB Debug|Win32
		{442E1836-6EBA-4268-8BDA-0435E413D14F}.using libcurl LIB Debug|Win32.Build.0 = using libcurl LIB Debug|Win32
		{442E1836-6EBA-4268-8BDA-0435E413D14F}.using libcurl LIB Release|Win32.ActiveCfg = using libcurl LIB Release|Win32
		{442E1836-6EBA-4268-8BDA-0435E413D14F}.using libcurl LIB Release|Win32.Build.0 = using libcurl LIB Release|Win32
	EndGlobalSection
	GlobalSection(SolutionProperties) = preSolution
		HideSolutionNode = FALSE
	EndGlobalSection
EndGlobal
