
Microsoft Visual Studio Solution File, Format Version 10.00
# Visual Studio 2008
Project("{8BC9CEB8-8B4A-11D0-8D11-00A0C91BC942}") = "framework", "framework\framework_VS2008.vcproj", "{3012938B-4009-46C2-B530-BF887FC21AEB}"
	ProjectSection(ProjectDependencies) = postProject
		{DEAF7724-8D83-4D9E-998D-6934999F1486} = {DEAF7724-8D83-4D9E-998D-6934999F1486}
	EndProjectSection
EndProject
Project("{8BC9CEB8-8B4A-11D0-8D11-00A0C91BC942}") = "rex", "rex\rex_VS2008.vcproj", "{94D659EC-19ED-44A5-939D-22C404B80AE4}"
	ProjectSection(ProjectDependencies) = postProject
		{3012938B-4009-46C2-B530-BF887FC21AEB} = {3012938B-4009-46C2-B530-BF887FC21AEB}
	EndProjectSection
EndProject
Project("{8BC9CEB8-8B4A-11D0-8D11-00A0C91BC942}") = "Interfaces", "Interfaces\Interfaces_VS2008.vcproj", "{2F1401DE-CB67-4B88-BE5E-7B925C40B2C2}"
EndProject
Project("{8BC9CEB8-8B4A-11D0-8D11-00A0C91BC942}") = "GeometrySystem", "GeometrySystem\GeometrySystem_VS2008.vcproj", "{1AAFB1A9-D473-4E6D-8CB7-EFC750E3190F}"
EndProject
Project("{8BC9CEB8-8B4A-11D0-8D11-00A0C91BC942}") = "Core", "Core\Core_VS2008.vcproj", "{DEAF7724-8D83-4D9E-998D-6934999F1486}"
EndProject
Project("{8BC9CEB8-8B4A-11D0-8D11-00A0C91BC942}") = "rexlogic", "rexlogic\rexlogic_VS2008.vcproj", "{FFF90882-A02A-4384-8451-FCF5C199FC1D}"
	ProjectSection(ProjectDependencies) = postProject
		{3012938B-4009-46C2-B530-BF887FC21AEB} = {3012938B-4009-46C2-B530-BF887FC21AEB}
	EndProjectSection
EndProject
Project("{8BC9CEB8-8B4A-11D0-8D11-00A0C91BC942}") = "OgreRenderingSystem", "OgreRenderingSystem\OgreRenderingSystem_VS2008.vcproj", "{BAA141EF-508C-4F52-AF58-E0FA716D7A32}"
	ProjectSection(ProjectDependencies) = postProject
		{3012938B-4009-46C2-B530-BF887FC21AEB} = {3012938B-4009-46C2-B530-BF887FC21AEB}
	EndProjectSection
EndProject
Project("{8BC9CEB8-8B4A-11D0-8D11-00A0C91BC942}") = "TestSystem", "TestSystem\TestSystem_VS2008.vcproj", "{C2645D1C-EFE6-4F89-B4B6-864304015C62}"
	ProjectSection(ProjectDependencies) = postProject
		{3012938B-4009-46C2-B530-BF887FC21AEB} = {3012938B-4009-46C2-B530-BF887FC21AEB}
	EndProjectSection
EndProject
Project("{8BC9CEB8-8B4A-11D0-8D11-00A0C91BC942}") = "UnitTests", "UnitTests\UnitTests_VS2008.vcproj", "{C97A0FA2-EF9E-414E-A91A-62DCDB14A351}"
	ProjectSection(ProjectDependencies) = postProject
		{DEAF7724-8D83-4D9E-998D-6934999F1486} = {DEAF7724-8D83-4D9E-998D-6934999F1486}
		{3012938B-4009-46C2-B530-BF887FC21AEB} = {3012938B-4009-46C2-B530-BF887FC21AEB}
	EndProjectSection
EndProject
Global
	GlobalSection(SolutionConfigurationPlatforms) = preSolution
		Debug|Win32 = Debug|Win32
		Release|Win32 = Release|Win32
	EndGlobalSection
	GlobalSection(ProjectConfigurationPlatforms) = postSolution
		{3012938B-4009-46C2-B530-BF887FC21AEB}.Debug|Win32.ActiveCfg = Debug|Win32
		{3012938B-4009-46C2-B530-BF887FC21AEB}.Debug|Win32.Build.0 = Debug|Win32
		{3012938B-4009-46C2-B530-BF887FC21AEB}.Release|Win32.ActiveCfg = Release|Win32
		{3012938B-4009-46C2-B530-BF887FC21AEB}.Release|Win32.Build.0 = Release|Win32
		{94D659EC-19ED-44A5-939D-22C404B80AE4}.Debug|Win32.ActiveCfg = Debug|Win32
		{94D659EC-19ED-44A5-939D-22C404B80AE4}.Debug|Win32.Build.0 = Debug|Win32
		{94D659EC-19ED-44A5-939D-22C404B80AE4}.Release|Win32.ActiveCfg = Release|Win32
		{94D659EC-19ED-44A5-939D-22C404B80AE4}.Release|Win32.Build.0 = Release|Win32
		{2F1401DE-CB67-4B88-BE5E-7B925C40B2C2}.Debug|Win32.ActiveCfg = Debug|Win32
		{2F1401DE-CB67-4B88-BE5E-7B925C40B2C2}.Debug|Win32.Build.0 = Debug|Win32
		{2F1401DE-CB67-4B88-BE5E-7B925C40B2C2}.Release|Win32.ActiveCfg = Release|Win32
		{2F1401DE-CB67-4B88-BE5E-7B925C40B2C2}.Release|Win32.Build.0 = Release|Win32
		{1AAFB1A9-D473-4E6D-8CB7-EFC750E3190F}.Debug|Win32.ActiveCfg = Debug|Win32
		{1AAFB1A9-D473-4E6D-8CB7-EFC750E3190F}.Debug|Win32.Build.0 = Debug|Win32
		{1AAFB1A9-D473-4E6D-8CB7-EFC750E3190F}.Release|Win32.ActiveCfg = Release|Win32
		{1AAFB1A9-D473-4E6D-8CB7-EFC750E3190F}.Release|Win32.Build.0 = Release|Win32
		{DEAF7724-8D83-4D9E-998D-6934999F1486}.Debug|Win32.ActiveCfg = Debug|Win32
		{DEAF7724-8D83-4D9E-998D-6934999F1486}.Debug|Win32.Build.0 = Debug|Win32
		{DEAF7724-8D83-4D9E-998D-6934999F1486}.Release|Win32.ActiveCfg = Release|Win32
		{DEAF7724-8D83-4D9E-998D-6934999F1486}.Release|Win32.Build.0 = Release|Win32
		{FFF90882-A02A-4384-8451-FCF5C199FC1D}.Debug|Win32.ActiveCfg = Debug|Win32
		{FFF90882-A02A-4384-8451-FCF5C199FC1D}.Debug|Win32.Build.0 = Debug|Win32
		{FFF90882-A02A-4384-8451-FCF5C199FC1D}.Release|Win32.ActiveCfg = Release|Win32
		{FFF90882-A02A-4384-8451-FCF5C199FC1D}.Release|Win32.Build.0 = Release|Win32
		{BAA141EF-508C-4F52-AF58-E0FA716D7A32}.Debug|Win32.ActiveCfg = Debug|Win32
		{BAA141EF-508C-4F52-AF58-E0FA716D7A32}.Debug|Win32.Build.0 = Debug|Win32
		{BAA141EF-508C-4F52-AF58-E0FA716D7A32}.Release|Win32.ActiveCfg = Release|Win32
		{BAA141EF-508C-4F52-AF58-E0FA716D7A32}.Release|Win32.Build.0 = Release|Win32
		{C2645D1C-EFE6-4F89-B4B6-864304015C62}.Debug|Win32.ActiveCfg = Debug|Win32
		{C2645D1C-EFE6-4F89-B4B6-864304015C62}.Debug|Win32.Build.0 = Debug|Win32
		{C2645D1C-EFE6-4F89-B4B6-864304015C62}.Release|Win32.ActiveCfg = Release|Win32
		{C2645D1C-EFE6-4F89-B4B6-864304015C62}.Release|Win32.Build.0 = Release|Win32
		{C97A0FA2-EF9E-414E-A91A-62DCDB14A351}.Debug|Win32.ActiveCfg = Debug|Win32
		{C97A0FA2-EF9E-414E-A91A-62DCDB14A351}.Debug|Win32.Build.0 = Debug|Win32
		{C97A0FA2-EF9E-414E-A91A-62DCDB14A351}.Release|Win32.ActiveCfg = Release|Win32
		{C97A0FA2-EF9E-414E-A91A-62DCDB14A351}.Release|Win32.Build.0 = Release|Win32
	EndGlobalSection
	GlobalSection(SolutionProperties) = preSolution
		HideSolutionNode = FALSE
	EndGlobalSection
EndGlobal
