
Microsoft Visual Studio Solution File, Format Version 9.00
# Visual Studio 2005
Project("{8BC9CEB8-8B4A-11D0-8D11-00A0C91BC942}") = "Core", "Core\Core_VS2005.vcproj", "{DEAF7724-8D83-4D9E-998D-6934999F1486}"
EndProject
Project("{8BC9CEB8-8B4A-11D0-8D11-00A0C91BC942}") = "framework", "framework\framework_VS2005.vcproj", "{3012938B-4009-46C2-B530-BF887FC21AEB}"
	ProjectSection(ProjectDependencies) = postProject
		{DEAF7724-8D83-4D9E-998D-6934999F1486} = {DEAF7724-8D83-4D9E-998D-6934999F1486}
	EndProjectSection
EndProject
Project("{8BC9CEB8-8B4A-11D0-8D11-00A0C91BC942}") = "GeometrySystem", "GeometrySystem\GeometrySystem_VS2005.vcproj", "{D769E9D9-9750-4E25-B448-32ACAC70F9B6}"
	ProjectSection(ProjectDependencies) = postProject
		{3012938B-4009-46C2-B530-BF887FC21AEB} = {3012938B-4009-46C2-B530-BF887FC21AEB}
		{DEAF7724-8D83-4D9E-998D-6934999F1486} = {DEAF7724-8D83-4D9E-998D-6934999F1486}
	EndProjectSection
EndProject
Project("{8BC9CEB8-8B4A-11D0-8D11-00A0C91BC942}") = "Interfaces", "Interfaces\Interfaces_VS2005.vcproj", "{2F1401DE-CB67-4B88-BE5E-7B925C40B2C2}"
EndProject
Project("{8BC9CEB8-8B4A-11D0-8D11-00A0C91BC942}") = "OgreRenderingSystem", "OgreRenderingSystem\OgreRenderingSystem_VS2005.vcproj", "{BAA141EF-508C-4F52-AF58-E0FA716D7A32}"
	ProjectSection(ProjectDependencies) = postProject
		{3012938B-4009-46C2-B530-BF887FC21AEB} = {3012938B-4009-46C2-B530-BF887FC21AEB}
		{DEAF7724-8D83-4D9E-998D-6934999F1486} = {DEAF7724-8D83-4D9E-998D-6934999F1486}
	EndProjectSection
EndProject
Project("{8BC9CEB8-8B4A-11D0-8D11-00A0C91BC942}") = "rex", "rex\rex_VS2005.vcproj", "{94D659EC-19ED-44A5-939D-22C404B80AE4}"
	ProjectSection(ProjectDependencies) = postProject
		{3012938B-4009-46C2-B530-BF887FC21AEB} = {3012938B-4009-46C2-B530-BF887FC21AEB}
		{DEAF7724-8D83-4D9E-998D-6934999F1486} = {DEAF7724-8D83-4D9E-998D-6934999F1486}
	EndProjectSection
EndProject
Project("{8BC9CEB8-8B4A-11D0-8D11-00A0C91BC942}") = "rexlogic", "rexlogic\rexlogic_VS2005.vcproj", "{FFF90882-A02A-4384-8451-FCF5C199FC1D}"
	ProjectSection(ProjectDependencies) = postProject
		{3012938B-4009-46C2-B530-BF887FC21AEB} = {3012938B-4009-46C2-B530-BF887FC21AEB}
		{DEAF7724-8D83-4D9E-998D-6934999F1486} = {DEAF7724-8D83-4D9E-998D-6934999F1486}
	EndProjectSection
EndProject
Project("{8BC9CEB8-8B4A-11D0-8D11-00A0C91BC942}") = "UnitTests", "UnitTests\UnitTests_VS2005.vcproj", "{29837EA3-7D8D-446D-9F58-C9ABF7EADED8}"
	ProjectSection(ProjectDependencies) = postProject
		{3012938B-4009-46C2-B530-BF887FC21AEB} = {3012938B-4009-46C2-B530-BF887FC21AEB}
		{DEAF7724-8D83-4D9E-998D-6934999F1486} = {DEAF7724-8D83-4D9E-998D-6934999F1486}
	EndProjectSection
EndProject
Project("{8BC9CEB8-8B4A-11D0-8D11-00A0C91BC942}") = "TestModule", "TestModule\TestModule_VS2005.vcproj", "{0A032A4D-F0D7-499D-A91E-57AAD9B48258}"
	ProjectSection(ProjectDependencies) = postProject
		{DEAF7724-8D83-4D9E-998D-6934999F1486} = {DEAF7724-8D83-4D9E-998D-6934999F1486}
		{3012938B-4009-46C2-B530-BF887FC21AEB} = {3012938B-4009-46C2-B530-BF887FC21AEB}
	EndProjectSection
EndProject
Global
	GlobalSection(SolutionConfigurationPlatforms) = preSolution
		Debug|Win32 = Debug|Win32
		Release|Win32 = Release|Win32
	EndGlobalSection
	GlobalSection(ProjectConfigurationPlatforms) = postSolution
		{DEAF7724-8D83-4D9E-998D-6934999F1486}.Debug|Win32.ActiveCfg = Debug|Win32
		{DEAF7724-8D83-4D9E-998D-6934999F1486}.Debug|Win32.Build.0 = Debug|Win32
		{DEAF7724-8D83-4D9E-998D-6934999F1486}.Release|Win32.ActiveCfg = Release|Win32
		{DEAF7724-8D83-4D9E-998D-6934999F1486}.Release|Win32.Build.0 = Release|Win32
		{3012938B-4009-46C2-B530-BF887FC21AEB}.Debug|Win32.ActiveCfg = Debug|Win32
		{3012938B-4009-46C2-B530-BF887FC21AEB}.Debug|Win32.Build.0 = Debug|Win32
		{3012938B-4009-46C2-B530-BF887FC21AEB}.Release|Win32.ActiveCfg = Release|Win32
		{3012938B-4009-46C2-B530-BF887FC21AEB}.Release|Win32.Build.0 = Release|Win32
		{D769E9D9-9750-4E25-B448-32ACAC70F9B6}.Debug|Win32.ActiveCfg = Debug|Win32
		{D769E9D9-9750-4E25-B448-32ACAC70F9B6}.Debug|Win32.Build.0 = Debug|Win32
		{D769E9D9-9750-4E25-B448-32ACAC70F9B6}.Release|Win32.ActiveCfg = Release|Win32
		{D769E9D9-9750-4E25-B448-32ACAC70F9B6}.Release|Win32.Build.0 = Release|Win32
		{2F1401DE-CB67-4B88-BE5E-7B925C40B2C2}.Debug|Win32.ActiveCfg = Debug|Win32
		{2F1401DE-CB67-4B88-BE5E-7B925C40B2C2}.Debug|Win32.Build.0 = Debug|Win32
		{2F1401DE-CB67-4B88-BE5E-7B925C40B2C2}.Release|Win32.ActiveCfg = Release|Win32
		{2F1401DE-CB67-4B88-BE5E-7B925C40B2C2}.Release|Win32.Build.0 = Release|Win32
		{BAA141EF-508C-4F52-AF58-E0FA716D7A32}.Debug|Win32.ActiveCfg = Debug|Win32
		{BAA141EF-508C-4F52-AF58-E0FA716D7A32}.Debug|Win32.Build.0 = Debug|Win32
		{BAA141EF-508C-4F52-AF58-E0FA716D7A32}.Release|Win32.ActiveCfg = Release|Win32
		{BAA141EF-508C-4F52-AF58-E0FA716D7A32}.Release|Win32.Build.0 = Release|Win32
		{94D659EC-19ED-44A5-939D-22C404B80AE4}.Debug|Win32.ActiveCfg = Debug|Win32
		{94D659EC-19ED-44A5-939D-22C404B80AE4}.Debug|Win32.Build.0 = Debug|Win32
		{94D659EC-19ED-44A5-939D-22C404B80AE4}.Release|Win32.ActiveCfg = Release|Win32
		{94D659EC-19ED-44A5-939D-22C404B80AE4}.Release|Win32.Build.0 = Release|Win32
		{FFF90882-A02A-4384-8451-FCF5C199FC1D}.Debug|Win32.ActiveCfg = Debug|Win32
		{FFF90882-A02A-4384-8451-FCF5C199FC1D}.Debug|Win32.Build.0 = Debug|Win32
		{FFF90882-A02A-4384-8451-FCF5C199FC1D}.Release|Win32.ActiveCfg = Release|Win32
		{FFF90882-A02A-4384-8451-FCF5C199FC1D}.Release|Win32.Build.0 = Release|Win32
		{29837EA3-7D8D-446D-9F58-C9ABF7EADED8}.Debug|Win32.ActiveCfg = Debug|Win32
		{29837EA3-7D8D-446D-9F58-C9ABF7EADED8}.Debug|Win32.Build.0 = Debug|Win32
		{29837EA3-7D8D-446D-9F58-C9ABF7EADED8}.Release|Win32.ActiveCfg = Release|Win32
		{29837EA3-7D8D-446D-9F58-C9ABF7EADED8}.Release|Win32.Build.0 = Release|Win32
		{0A032A4D-F0D7-499D-A91E-57AAD9B48258}.Debug|Win32.ActiveCfg = Debug|Win32
		{0A032A4D-F0D7-499D-A91E-57AAD9B48258}.Debug|Win32.Build.0 = Debug|Win32
		{0A032A4D-F0D7-499D-A91E-57AAD9B48258}.Release|Win32.ActiveCfg = Release|Win32
		{0A032A4D-F0D7-499D-A91E-57AAD9B48258}.Release|Win32.Build.0 = Release|Win32
	EndGlobalSection
	GlobalSection(SolutionProperties) = preSolution
		HideSolutionNode = FALSE
	EndGlobalSection
EndGlobal
