
Microsoft Visual Studio Solution File, Format Version 10.00
# Visual Studio 2008
Project("{8BC9CEB8-8B4A-11D0-8D11-00A0C91BC942}") = "SerializationCompiler", "SerializationCompiler.vcproj", "{923A54C0-4F11-4212-8391-355D5F74912C}"
EndProject
Global
	GlobalSection(SolutionConfigurationPlatforms) = preSolution
		Debug|Win32 = Debug|Win32
		Release|Win32 = Release|Win32
	EndGlobalSection
	GlobalSection(ProjectConfigurationPlatforms) = postSolution
		{923A54C0-4F11-4212-8391-355D5F74912C}.Debug|Win32.ActiveCfg = Debug|Win32
		{923A54C0-4F11-4212-8391-355D5F74912C}.Debug|Win32.Build.0 = Debug|Win32
		{923A54C0-4F11-4212-8391-355D5F74912C}.Release|Win32.ActiveCfg = Release|Win32
		{923A54C0-4F11-4212-8391-355D5F74912C}.Release|Win32.Build.0 = Release|Win32
	EndGlobalSection
	GlobalSection(SolutionProperties) = preSolution
		HideSolutionNode = FALSE
	EndGlobalSection
EndGlobal
